
Microsoft Visual Studio Solution File, Format Version 12.00
# Visual Studio 15
VisualStudioVersion = 15.0.27703.2035
MinimumVisualStudioVersion = 10.0.40219.1
Project("{FAE04EC0-301F-11D3-BF4B-00C04F79EFBC}") = "Ecommerce", "Ecommerce\Ecommerce.csproj", "{BF464D13-7691-4FA2-ACEE-7B8723CCEAC5}"
EndProject
Global
	GlobalSection(SolutionConfigurationPlatforms) = preSolution
		Debug|Any CPU = Debug|Any CPU
		Release|Any CPU = Release|Any CPU
	EndGlobalSection
	GlobalSection(ProjectConfigurationPlatforms) = postSolution
		{BF464D13-7691-4FA2-ACEE-7B8723CCEAC5}.Debug|Any CPU.ActiveCfg = Debug|Any CPU
		{BF464D13-7691-4FA2-ACEE-7B8723CCEAC5}.Debug|Any CPU.Build.0 = Debug|Any CPU
		{BF464D13-7691-4FA2-ACEE-7B8723CCEAC5}.Release|Any CPU.ActiveCfg = Release|Any CPU
		{BF464D13-7691-4FA2-ACEE-7B8723CCEAC5}.Release|Any CPU.Build.0 = Release|Any CPU
	EndGlobalSection
	GlobalSection(SolutionProperties) = preSolution
		HideSolutionNode = FALSE
	EndGlobalSection
	GlobalSection(ExtensibilityGlobals) = postSolution
		SolutionGuid = {D4B29698-1E64-4DA9-9DCE-55D975D3E822}
	EndGlobalSection
EndGlobal
